
Microsoft Visual Studio Solution File, Format Version 12.00
# Visual Studio Version 16
VisualStudioVersion = 16.0.32413.511
MinimumVisualStudioVersion = 10.0.40219.1
Project("{FAE04EC0-301F-11D3-BF4B-00C04F79EFBC}") = "WebApplication1", "WebApplication1\WebApplication1.csproj", "{CFFD94DF-2EEF-4B57-B36D-B77DEB1D74B2}"
EndProject
Global
	GlobalSection(SolutionConfigurationPlatforms) = preSolution
		Debug|Any CPU = Debug|Any CPU
		Release|Any CPU = Release|Any CPU
	EndGlobalSection
	GlobalSection(ProjectConfigurationPlatforms) = postSolution
		{CFFD94DF-2EEF-4B57-B36D-B77DEB1D74B2}.Debug|Any CPU.ActiveCfg = Debug|Any CPU
		{CFFD94DF-2EEF-4B57-B36D-B77DEB1D74B2}.Debug|Any CPU.Build.0 = Debug|Any CPU
		{CFFD94DF-2EEF-4B57-B36D-B77DEB1D74B2}.Release|Any CPU.ActiveCfg = Release|Any CPU
		{CFFD94DF-2EEF-4B57-B36D-B77DEB1D74B2}.Release|Any CPU.Build.0 = Release|Any CPU
	EndGlobalSection
	GlobalSection(SolutionProperties) = preSolution
		HideSolutionNode = FALSE
	EndGlobalSection
	GlobalSection(ExtensibilityGlobals) = postSolution
		SolutionGuid = {3FA56993-4F89-4BCF-8CD1-6B7AD98F2663}
	EndGlobalSection
EndGlobal
